
Microsoft Visual Studio Solution File, Format Version 12.00
# Visual Studio 2012
Project("{FAE04EC0-301F-11D3-BF4B-00C04F79EFBC}") = "P01_SAOSX", "P01_SAOSX\P01_SAOSX.csproj", "{3170F1A9-2DAB-40A1-9391-54549DE65DCA}"
EndProject
Global
	GlobalSection(SolutionConfigurationPlatforms) = preSolution
		Debug|Any CPU = Debug|Any CPU
		Release|Any CPU = Release|Any CPU
	EndGlobalSection
	GlobalSection(ProjectConfigurationPlatforms) = postSolution
		{3170F1A9-2DAB-40A1-9391-54549DE65DCA}.Debug|Any CPU.ActiveCfg = Debug|Any CPU
		{3170F1A9-2DAB-40A1-9391-54549DE65DCA}.Debug|Any CPU.Build.0 = Debug|Any CPU
		{3170F1A9-2DAB-40A1-9391-54549DE65DCA}.Release|Any CPU.ActiveCfg = Release|Any CPU
		{3170F1A9-2DAB-40A1-9391-54549DE65DCA}.Release|Any CPU.Build.0 = Release|Any CPU
	EndGlobalSection
	GlobalSection(SolutionProperties) = preSolution
		HideSolutionNode = FALSE
	EndGlobalSection
EndGlobal
